<?xml version="1.0" encoding="utf-8"?>
<Project ToolsVersion="4.0" xmlns="http://schemas.microsoft.com/developer/msbuild/2003">
  <ItemGroup>
    <Filter Include="Source Files">
      <UniqueIdentifier>{54de189e-8d25-49ff-8856-98a5e3facf18}</UniqueIdentifier>
      <Extensions>cpp;c;cxx;rc;def;r;odl;idl;hpj;bat</Extensions>
    </Filter>
    <Filter Include="Header Files">
      <UniqueIdentifier>{91c6355a-c3b8-4503-b7a2-daff66f94268}</UniqueIdentifier>
      <Extensions>h;hpp;hxx;hm;inl</Extensions>
    </Filter>
    <Filter Include="Resource Files">
      <UniqueIdentifier>{ff09eae3-16d0-4538-b48b-2c2d2377013e}</UniqueIdentifier>
      <Extensions>ico;cur;bmp;dlg;rc2;rct;bin;rgs;gif;jpg;jpeg;jpe</Extensions>
    </Filter>
  </ItemGroup>
  <ItemGroup>
    <ClCompile Include="AboutView.cpp">
      <Filter>Source Files</Filter>
    </ClCompile>
    <ClCompile Include="AboutWnd.cpp">
      <Filter>Source Files</Filter>
    </ClCompile>
    <ClCompile Include="AccountCateEditingDlg.cpp">
      <Filter>Source Files</Filter>
    </ClCompile>
    <ClCompile Include="AccountCatesDlg.cpp">
      <Filter>Source Files</Filter>
    </ClCompile>
    <ClCompile Include="AccountEditingDlg.cpp">
      <Filter>Source Files</Filter>
    </ClCompile>
    <ClCompile Include="AccountIntegratedWnd.cpp">
      <Filter>Source Files</Filter>
    </ClCompile>
    <ClCompile Include="AccountsView.cpp">
      <Filter>Source Files</Filter>
    </ClCompile>
    <ClCompile Include="AccountTypeEditingDlg.cpp">
      <Filter>Source Files</Filter>
    </ClCompile>
    <ClCompile Include="AccountTypesDlg.cpp">
      <Filter>Source Files</Filter>
    </ClCompile>
    <ClCompile Include="AppSettingsDlg.cpp">
      <Filter>Source Files</Filter>
    </ClCompile>
    <ClCompile Include="Cassette.cpp">
      <Filter>Source Files</Filter>
    </ClCompile>
    <ClCompile Include="CassetteApp.cpp">
      <Filter>Source Files</Filter>
    </ClCompile>
    <ClCompile Include="Dialog.cpp">
      <Filter>Source Files</Filter>
    </ClCompile>
    <ClCompile Include="ForgetPwdStep1Dlg.cpp">
      <Filter>Source Files</Filter>
    </ClCompile>
    <ClCompile Include="Functional.cpp">
      <Filter>Source Files</Filter>
    </ClCompile>
    <ClCompile Include="Label.cpp">
      <Filter>Source Files</Filter>
    </ClCompile>
    <ClCompile Include="MainFrame.cpp">
      <Filter>Source Files</Filter>
    </ClCompile>
    <ClCompile Include="UserLoginDlg.cpp">
      <Filter>Source Files</Filter>
    </ClCompile>
    <ClCompile Include="UserRegisterDlg.cpp">
      <Filter>Source Files</Filter>
    </ClCompile>
    <ClCompile Include="UserSettingsDlg.cpp">
      <Filter>Source Files</Filter>
    </ClCompile>
  </ItemGroup>
  <ItemGroup>
    <ResourceCompile Include="Cassette.rc">
      <Filter>Source Files</Filter>
    </ResourceCompile>
  </ItemGroup>
  <ItemGroup>
    <ClInclude Include="AboutView.h">
      <Filter>Header Files</Filter>
    </ClInclude>
    <ClInclude Include="AboutWnd.h">
      <Filter>Header Files</Filter>
    </ClInclude>
    <ClInclude Include="AccountCateEditingDlg.h">
      <Filter>Header Files</Filter>
    </ClInclude>
    <ClInclude Include="AccountCatesDlg.h">
      <Filter>Header Files</Filter>
    </ClInclude>
    <ClInclude Include="AccountEditingDlg.h">
      <Filter>Header Files</Filter>
    </ClInclude>
    <ClInclude Include="AccountIntegratedWnd.h">
      <Filter>Header Files</Filter>
    </ClInclude>
    <ClInclude Include="AccountsView.h">
      <Filter>Header Files</Filter>
    </ClInclude>
    <ClInclude Include="AccountTypeEditingDlg.h">
      <Filter>Header Files</Filter>
    </ClInclude>
    <ClInclude Include="AccountTypesDlg.h">
      <Filter>Header Files</Filter>
    </ClInclude>
    <ClInclude Include="AppSettingsDlg.h">
      <Filter>Header Files</Filter>
    </ClInclude>
    <ClInclude Include="Cassette.h">
      <Filter>Header Files</Filter>
    </ClInclude>
    <ClInclude Include="CassetteApp.h">
      <Filter>Header Files</Filter>
    </ClInclude>
    <ClInclude Include="Dialog.h">
      <Filter>Header Files</Filter>
    </ClInclude>
    <ClInclude Include="ForgetPwdStep1Dlg.h">
      <Filter>Header Files</Filter>
    </ClInclude>
    <ClInclude Include="Functional.h">
      <Filter>Header Files</Filter>
    </ClInclude>
    <ClInclude Include="Label.h">
      <Filter>Header Files</Filter>
    </ClInclude>
    <ClInclude Include="MainFrame.h">
      <Filter>Header Files</Filter>
    </ClInclude>
    <ClInclude Include="Resource.h">
      <Filter>Header Files</Filter>
    </ClInclude>
    <ClInclude Include="UserLoginDlg.h">
      <Filter>Header Files</Filter>
    </ClInclude>
    <ClInclude Include="UserRegisterDlg.h">
      <Filter>Header Files</Filter>
    </ClInclude>
    <ClInclude Include="UserSettingsDlg.h">
      <Filter>Header Files</Filter>
    </ClInclude>
  </ItemGroup>
  <ItemGroup>
    <Manifest Include="..\res\AccountMaster.manifest" />
  </ItemGroup>
  <ItemGroup>
    <CustomBuild Include="..\res\AccountMaster_01.ico">
      <Filter>Resource Files</Filter>
    </CustomBuild>
    <CustomBuild Include="..\res\AccountMaster_02.ico">
      <Filter>Resource Files</Filter>
    </CustomBuild>
    <CustomBuild Include="..\res\AccountMaster_03.ico">
      <Filter>Resource Files</Filter>
    </CustomBuild>
    <CustomBuild Include="res\Cassette.ico">
      <Filter>Resource Files</Filter>
    </CustomBuild>
    <CustomBuild Include="..\res\Cassette.ico">
      <Filter>Resource Files</Filter>
    </CustomBuild>
    <CustomBuild Include="res\Cassette.rc2">
      <Filter>Resource Files</Filter>
    </CustomBuild>
    <CustomBuild Include="..\res\IntegratedBackground.bmp">
      <Filter>Resource Files</Filter>
    </CustomBuild>
    <CustomBuild Include="res\Toolbar.bmp">
      <Filter>Resource Files</Filter>
    </CustomBuild>
    <CustomBuild Include="..\res\Toolbar.bmp">
      <Filter>Resource Files</Filter>
    </CustomBuild>
    <CustomBuild Include="..\res\toolbar1.bmp">
      <Filter>Resource Files</Filter>
    </CustomBuild>
    <CustomBuild Include="..\res\about.html" />
    <CustomBuild Include="..\res\AccountMaster_01.png" />
    <CustomBuild Include="..\res\db.key" />
    <CustomBuild Include="..\res\dbschema.sql" />
    <CustomBuild Include="..\res\Toolbar.png" />
  </ItemGroup>
</Project>