<?xml version="1.0" encoding="utf-8"?>
<Project ToolsVersion="4.0" xmlns="http://schemas.microsoft.com/developer/msbuild/2003">
  <ItemGroup>
    <Filter Include="头文件">
      <UniqueIdentifier>{93995380-89BD-4b04-88EB-625FBE52EBFB}</UniqueIdentifier>
      <Extensions>h;hh;hpp;hxx;hm;inl;inc;ipp;xsd</Extensions>
    </Filter>
    <Filter Include="资源文件">
      <UniqueIdentifier>{67DA6AB6-F800-4c08-8B7A-83BB121AAD01}</UniqueIdentifier>
      <Extensions>rc;ico;cur;bmp;dlg;rc2;rct;bin;rgs;gif;jpg;jpeg;jpe;resx;tiff;tif;png;wav;mfcribbon-ms</Extensions>
    </Filter>
    <Filter Include="源文件">
      <UniqueIdentifier>{4FC737F1-C7A5-4376-A066-2A32D752A2FF}</UniqueIdentifier>
      <Extensions>cpp;c;cc;cxx;def;odl;idl;hpj;bat;asm;asmx</Extensions>
    </Filter>
  </ItemGroup>
  <ItemGroup>
    <ClCompile Include="AboutView.cpp">
      <Filter>源文件</Filter>
    </ClCompile>
    <ClCompile Include="AboutWnd.cpp">
      <Filter>源文件</Filter>
    </ClCompile>
    <ClCompile Include="AccountCateEditingDlg.cpp">
      <Filter>源文件</Filter>
    </ClCompile>
    <ClCompile Include="AccountCatesDlg.cpp">
      <Filter>源文件</Filter>
    </ClCompile>
    <ClCompile Include="AccountEditingDlg.cpp">
      <Filter>源文件</Filter>
    </ClCompile>
    <ClCompile Include="AccountIntegratedWnd.cpp">
      <Filter>源文件</Filter>
    </ClCompile>
    <ClCompile Include="AccountsView.cpp">
      <Filter>源文件</Filter>
    </ClCompile>
    <ClCompile Include="AccountTypeEditingDlg.cpp">
      <Filter>源文件</Filter>
    </ClCompile>
    <ClCompile Include="AccountTypesDlg.cpp">
      <Filter>源文件</Filter>
    </ClCompile>
    <ClCompile Include="AppSettingsDlg.cpp">
      <Filter>源文件</Filter>
    </ClCompile>
    <ClCompile Include="Cassette.cpp">
      <Filter>源文件</Filter>
    </ClCompile>
    <ClCompile Include="CassetteApp.cpp">
      <Filter>源文件</Filter>
    </ClCompile>
    <ClCompile Include="Dialog.cpp">
      <Filter>源文件</Filter>
    </ClCompile>
    <ClCompile Include="ForgetPwdStep1Dlg.cpp">
      <Filter>源文件</Filter>
    </ClCompile>
    <ClCompile Include="Functional.cpp">
      <Filter>源文件</Filter>
    </ClCompile>
    <ClCompile Include="Label.cpp">
      <Filter>源文件</Filter>
    </ClCompile>
    <ClCompile Include="MainFrame.cpp">
      <Filter>源文件</Filter>
    </ClCompile>
    <ClCompile Include="UserLoginDlg.cpp">
      <Filter>源文件</Filter>
    </ClCompile>
    <ClCompile Include="UserRegisterDlg.cpp">
      <Filter>源文件</Filter>
    </ClCompile>
    <ClCompile Include="UserSettingsDlg.cpp">
      <Filter>源文件</Filter>
    </ClCompile>
    <ClCompile Include="AccountComprehensiveWnd.cpp">
      <Filter>源文件</Filter>
    </ClCompile>
    <ClCompile Include="Window.cpp">
      <Filter>源文件</Filter>
    </ClCompile>
    <ClCompile Include="BrowsersDlg.cpp">
      <Filter>源文件</Filter>
    </ClCompile>
  </ItemGroup>
  <ItemGroup>
    <ClInclude Include="AboutView.h">
      <Filter>头文件</Filter>
    </ClInclude>
    <ClInclude Include="AboutWnd.h">
      <Filter>头文件</Filter>
    </ClInclude>
    <ClInclude Include="AccountCateEditingDlg.h">
      <Filter>头文件</Filter>
    </ClInclude>
    <ClInclude Include="AccountCatesDlg.h">
      <Filter>头文件</Filter>
    </ClInclude>
    <ClInclude Include="AccountEditingDlg.h">
      <Filter>头文件</Filter>
    </ClInclude>
    <ClInclude Include="AccountIntegratedWnd.h">
      <Filter>头文件</Filter>
    </ClInclude>
    <ClInclude Include="AccountsView.h">
      <Filter>头文件</Filter>
    </ClInclude>
    <ClInclude Include="AccountTypeEditingDlg.h">
      <Filter>头文件</Filter>
    </ClInclude>
    <ClInclude Include="AccountTypesDlg.h">
      <Filter>头文件</Filter>
    </ClInclude>
    <ClInclude Include="AppSettingsDlg.h">
      <Filter>头文件</Filter>
    </ClInclude>
    <ClInclude Include="Cassette.h">
      <Filter>头文件</Filter>
    </ClInclude>
    <ClInclude Include="CassetteApp.h">
      <Filter>头文件</Filter>
    </ClInclude>
    <ClInclude Include="Dialog.h">
      <Filter>头文件</Filter>
    </ClInclude>
    <ClInclude Include="ForgetPwdStep1Dlg.h">
      <Filter>头文件</Filter>
    </ClInclude>
    <ClInclude Include="Functional.h">
      <Filter>头文件</Filter>
    </ClInclude>
    <ClInclude Include="Label.h">
      <Filter>头文件</Filter>
    </ClInclude>
    <ClInclude Include="MainFrame.h">
      <Filter>头文件</Filter>
    </ClInclude>
    <ClInclude Include="resource.h">
      <Filter>头文件</Filter>
    </ClInclude>
    <ClInclude Include="UserLoginDlg.h">
      <Filter>头文件</Filter>
    </ClInclude>
    <ClInclude Include="UserRegisterDlg.h">
      <Filter>头文件</Filter>
    </ClInclude>
    <ClInclude Include="UserSettingsDlg.h">
      <Filter>头文件</Filter>
    </ClInclude>
    <ClInclude Include="AccountComprehensiveWnd.h">
      <Filter>头文件</Filter>
    </ClInclude>
    <ClInclude Include="Window.h">
      <Filter>头文件</Filter>
    </ClInclude>
    <ClInclude Include="BrowsersDlg.h">
      <Filter>头文件</Filter>
    </ClInclude>
  </ItemGroup>
  <ItemGroup>
    <ResourceCompile Include="Cassette.rc">
      <Filter>资源文件</Filter>
    </ResourceCompile>
  </ItemGroup>
  <ItemGroup>
    <None Include="..\res\Cassette.rc2">
      <Filter>资源文件</Filter>
    </None>
    <None Include="..\res\about.html">
      <Filter>资源文件</Filter>
    </None>
    <None Include="..\res\dbschema.sql">
      <Filter>资源文件</Filter>
    </None>
    <None Include="..\res\db.key">
      <Filter>资源文件</Filter>
    </None>
    <None Include="..\res\aboutV2.html">
      <Filter>资源文件</Filter>
    </None>
  </ItemGroup>
  <ItemGroup>
    <Image Include="..\res\AccountMaster_01.ico">
      <Filter>资源文件</Filter>
    </Image>
    <Image Include="..\res\AccountMaster_02.ico">
      <Filter>资源文件</Filter>
    </Image>
    <Image Include="..\res\AccountMaster_03.ico">
      <Filter>资源文件</Filter>
    </Image>
    <Image Include="..\res\Toolbar.bmp">
      <Filter>资源文件</Filter>
    </Image>
    <Image Include="..\res\IntegratedBackground.bmp">
      <Filter>资源文件</Filter>
    </Image>
    <Image Include="..\res\Toolbar32.bmp">
      <Filter>资源文件</Filter>
    </Image>
    <Image Include="..\res\AccountMaster_01.png">
      <Filter>资源文件</Filter>
    </Image>
    <Image Include="..\res\AccountComprehensiveWnd.png">
      <Filter>资源文件</Filter>
    </Image>
    <Image Include="..\res\Toolbar32.png">
      <Filter>资源文件</Filter>
    </Image>
    <Image Include="..\res\donate_alipay.png">
      <Filter>资源文件</Filter>
    </Image>
    <Image Include="..\res\donate_wepay.png">
      <Filter>资源文件</Filter>
    </Image>
    <Image Include="..\res\secret.ico">
      <Filter>资源文件</Filter>
    </Image>
    <Image Include="..\res\lock.png">
      <Filter>资源文件</Filter>
    </Image>
  </ItemGroup>
  <ItemGroup>
    <Media Include="..\res\se_selected.wav">
      <Filter>资源文件</Filter>
    </Media>
    <Media Include="..\res\se_01.wav">
      <Filter>资源文件</Filter>
    </Media>
    <Media Include="..\res\se_02.wav">
      <Filter>资源文件</Filter>
    </Media>
  </ItemGroup>
  <ItemGroup>
    <Manifest Include="..\res\Cassette.manifest" />
  </ItemGroup>
</Project>